
Microsoft Visual Studio Solution File, Format Version 12.00
# Visual Studio 15
VisualStudioVersion = 15.0.27703.2042
MinimumVisualStudioVersion = 10.0.40219.1
Project("{FAE04EC0-301F-11D3-BF4B-00C04F79EFBC}") = "ExcelToDb", "ExcelToDb\ExcelToDb.csproj", "{4F6D2990-6932-40AC-9176-021C6C25A99C}"
EndProject
Project("{FAE04EC0-301F-11D3-BF4B-00C04F79EFBC}") = "Models", "Models\Models.csproj", "{CFE47A8D-3768-4419-BA50-22051907E7F3}"
EndProject
Project("{FAE04EC0-301F-11D3-BF4B-00C04F79EFBC}") = "DAL", "DAL\DAL.csproj", "{A97EA141-500A-4626-A42E-7ACD9A2125FA}"
EndProject
Project("{FAE04EC0-301F-11D3-BF4B-00C04F79EFBC}") = "BLL", "BLL\BLL.csproj", "{FF6E3CF4-7063-46EC-8356-7436707A63BD}"
EndProject
Project("{FAE04EC0-301F-11D3-BF4B-00C04F79EFBC}") = "GetSqlconn", "..\..\GetSqlconn\GetSqlconn\GetSqlconn.csproj", "{8D85C451-2D6D-4E48-9BB9-28BC043EAA7B}"
EndProject
Global
	GlobalSection(SolutionConfigurationPlatforms) = preSolution
		Debug|Any CPU = Debug|Any CPU
		Release|Any CPU = Release|Any CPU
	EndGlobalSection
	GlobalSection(ProjectConfigurationPlatforms) = postSolution
		{4F6D2990-6932-40AC-9176-021C6C25A99C}.Debug|Any CPU.ActiveCfg = Debug|Any CPU
		{4F6D2990-6932-40AC-9176-021C6C25A99C}.Debug|Any CPU.Build.0 = Debug|Any CPU
		{4F6D2990-6932-40AC-9176-021C6C25A99C}.Release|Any CPU.ActiveCfg = Release|Any CPU
		{4F6D2990-6932-40AC-9176-021C6C25A99C}.Release|Any CPU.Build.0 = Release|Any CPU
		{CFE47A8D-3768-4419-BA50-22051907E7F3}.Debug|Any CPU.ActiveCfg = Debug|Any CPU
		{CFE47A8D-3768-4419-BA50-22051907E7F3}.Debug|Any CPU.Build.0 = Debug|Any CPU
		{CFE47A8D-3768-4419-BA50-22051907E7F3}.Release|Any CPU.ActiveCfg = Release|Any CPU
		{CFE47A8D-3768-4419-BA50-22051907E7F3}.Release|Any CPU.Build.0 = Release|Any CPU
		{A97EA141-500A-4626-A42E-7ACD9A2125FA}.Debug|Any CPU.ActiveCfg = Debug|Any CPU
		{A97EA141-500A-4626-A42E-7ACD9A2125FA}.Debug|Any CPU.Build.0 = Debug|Any CPU
		{A97EA141-500A-4626-A42E-7ACD9A2125FA}.Release|Any CPU.ActiveCfg = Release|Any CPU
		{A97EA141-500A-4626-A42E-7ACD9A2125FA}.Release|Any CPU.Build.0 = Release|Any CPU
		{FF6E3CF4-7063-46EC-8356-7436707A63BD}.Debug|Any CPU.ActiveCfg = Debug|Any CPU
		{FF6E3CF4-7063-46EC-8356-7436707A63BD}.Debug|Any CPU.Build.0 = Debug|Any CPU
		{FF6E3CF4-7063-46EC-8356-7436707A63BD}.Release|Any CPU.ActiveCfg = Release|Any CPU
		{FF6E3CF4-7063-46EC-8356-7436707A63BD}.Release|Any CPU.Build.0 = Release|Any CPU
		{8D85C451-2D6D-4E48-9BB9-28BC043EAA7B}.Debug|Any CPU.ActiveCfg = Debug|Any CPU
		{8D85C451-2D6D-4E48-9BB9-28BC043EAA7B}.Debug|Any CPU.Build.0 = Debug|Any CPU
		{8D85C451-2D6D-4E48-9BB9-28BC043EAA7B}.Release|Any CPU.ActiveCfg = Release|Any CPU
		{8D85C451-2D6D-4E48-9BB9-28BC043EAA7B}.Release|Any CPU.Build.0 = Release|Any CPU
	EndGlobalSection
	GlobalSection(SolutionProperties) = preSolution
		HideSolutionNode = FALSE
	EndGlobalSection
	GlobalSection(ExtensibilityGlobals) = postSolution
		SolutionGuid = {75A53470-0185-4989-BCE9-23F8993A1654}
	EndGlobalSection
EndGlobal
